{
  "name": "typenode",
  "version": "1.0.0",
  "lockfileVersion": 1,
  "dependencies": {
    "@types/express": {
      "version": "4.0.36",
      "resolved": "http://registry.npm.taobao.org/@types/express/download/@types/express-4.0.36.tgz",
      "integrity": "sha1-FOtH3n7LEDGfCi+xz5caqGgHWMI=",
      "dev": true
    },
    "@types/express-serve-static-core": {
      "version": "4.0.49",
      "resolved": "http://registry.npm.taobao.org/@types/express-serve-static-core/download/@types/express-serve-static-core-4.0.49.tgz",
      "integrity": "sha1-NDjWjSbjnbk0upQfGOOGKhvutyI=",
      "dev": true
    },
    "@types/mime": {
      "version": "1.3.1",
      "resolved": "http://registry.npm.taobao.org/@types/mime/download/@types/mime-1.3.1.tgz",
      "integrity": "sha1-LPQpctCTHBBgx9X6Zif85r2Hby8=",
      "dev": true
    },
    "@types/node": {
      "version": "8.0.11",
      "resolved": "http://registry.npm.taobao.org/@types/node/download/@types/node-8.0.11.tgz",
      "integrity": "sha1-PPgN5xhSksbasVbs5pbf/tDMNQI=",
      "dev": true
    },
    "@types/serve-static": {
      "version": "1.7.31",
      "resolved": "http://registry.npm.taobao.org/@types/serve-static/download/@types/serve-static-1.7.31.tgz",
      "integrity": "sha1-FUVt6NmNa0z/Mb5savdJKuY/Uho=",
      "dev": true
    },
    "@types/ws": {
      "version": "3.0.2",
      "resolved": "http://registry.npm.taobao.org/@types/ws/download/@types/ws-3.0.2.tgz",
      "integrity": "sha1-tTi2oW2u5FSsBAVJkScfPaOHct4=",
      "dev": true
    },
    "accepts": {
      "version": "1.3.3",
      "resolved": "http://registry.npm.taobao.org/accepts/download/accepts-1.3.3.tgz",
      "integrity": "sha1-w8p0NJOGSMPg2cHjKN1otiLChMo="
    },
    "ansi-styles": {
      "version": "3.1.0",
      "resolved": "http://registry.npm.taobao.org/ansi-styles/download/ansi-styles-3.1.0.tgz",
      "integrity": "sha1-CcIC1ckX7CMYjKpcnLkXnNlUd1A=",
      "dev": true
    },
    "array-flatten": {
      "version": "1.1.1",
      "resolved": "http://registry.npm.taobao.org/array-flatten/download/array-flatten-1.1.1.tgz",
      "integrity": "sha1-ml9pkFGx5wczKPKgCJaLZOopVdI="
    },
    "arrify": {
      "version": "1.0.1",
      "resolved": "http://registry.npm.taobao.org/arrify/download/arrify-1.0.1.tgz",
      "integrity": "sha1-iYUI2iIm84DfkEcoRWhJwVAaSw0=",
      "dev": true
    },
    "chalk": {
      "version": "2.0.1",
      "resolved": "http://registry.npm.taobao.org/chalk/download/chalk-2.0.1.tgz",
      "integrity": "sha1-2+xJQ20q4V9TYRTnbRRlbNvA9E0=",
      "dev": true
    },
    "color-convert": {
      "version": "1.9.0",
      "resolved": "http://registry.npm.taobao.org/color-convert/download/color-convert-1.9.0.tgz",
      "integrity": "sha1-Gsz5fdc5uYO/mU1W/sj5WFNkG3o=",
      "dev": true
    },
    "color-name": {
      "version": "1.1.2",
      "resolved": "http://registry.npm.taobao.org/color-name/download/color-name-1.1.2.tgz",
      "integrity": "sha1-XIq3K2S9IhXWF66VWeuxSEdc+Y0=",
      "dev": true
    },
    "content-disposition": {
      "version": "0.5.2",
      "resolved": "http://registry.npm.taobao.org/content-disposition/download/content-disposition-0.5.2.tgz",
      "integrity": "sha1-DPaLud318r55YcOoUXjLhdunjLQ="
    },
    "content-type": {
      "version": "1.0.2",
      "resolved": "http://registry.npm.taobao.org/content-type/download/content-type-1.0.2.tgz",
      "integrity": "sha1-t9ETrueo3Se9IRM8TcJSnfFyHu0="
    },
    "cookie": {
      "version": "0.3.1",
      "resolved": "http://registry.npm.taobao.org/cookie/download/cookie-0.3.1.tgz",
      "integrity": "sha1-5+Ch+e9DtMi6klxcWpboBtFoc7s="
    },
    "cookie-signature": {
      "version": "1.0.6",
      "resolved": "http://registry.npm.taobao.org/cookie-signature/download/cookie-signature-1.0.6.tgz",
      "integrity": "sha1-4wOogrNCzD7oylE6eZmXNNqzriw="
    },
    "debug": {
      "version": "2.6.7",
      "resolved": "http://registry.npm.taobao.org/debug/download/debug-2.6.7.tgz",
      "integrity": "sha1-krrR9tBbu2u6Isyoi80OyJTChh4="
    },
    "depd": {
      "version": "1.1.0",
      "resolved": "http://registry.npm.taobao.org/depd/download/depd-1.1.0.tgz",
      "integrity": "sha1-4b2Cxqq2ztlluXuIsX7T5SjKGMM="
    },
    "destroy": {
      "version": "1.0.4",
      "resolved": "http://registry.npm.taobao.org/destroy/download/destroy-1.0.4.tgz",
      "integrity": "sha1-l4hXRCxEdJ5CBmE+N5RiBYJqvYA="
    },
    "diff": {
      "version": "3.3.0",
      "resolved": "http://registry.npm.taobao.org/diff/download/diff-3.3.0.tgz",
      "integrity": "sha1-BWaVFQ16qTI3yn43isOxaCt5Y7k=",
      "dev": true
    },
    "ee-first": {
      "version": "1.1.1",
      "resolved": "http://registry.npm.taobao.org/ee-first/download/ee-first-1.1.1.tgz",
      "integrity": "sha1-WQxhFWsK4vTwJVcyoViyZrxWsh0="
    },
    "encodeurl": {
      "version": "1.0.1",
      "resolved": "http://registry.npm.taobao.org/encodeurl/download/encodeurl-1.0.1.tgz",
      "integrity": "sha1-eePVhlU0aQn+bw9Fpd5oEDspTSA="
    },
    "escape-html": {
      "version": "1.0.3",
      "resolved": "http://registry.npm.taobao.org/escape-html/download/escape-html-1.0.3.tgz",
      "integrity": "sha1-Aljq5NPQwJdN4cFpGI7wBR0dGYg="
    },
    "escape-string-regexp": {
      "version": "1.0.5",
      "resolved": "http://registry.npm.taobao.org/escape-string-regexp/download/escape-string-regexp-1.0.5.tgz",
      "integrity": "sha1-G2HAViGQqN/2rjuyzwIAyhMLhtQ=",
      "dev": true
    },
    "etag": {
      "version": "1.8.0",
      "resolved": "http://registry.npm.taobao.org/etag/download/etag-1.8.0.tgz",
      "integrity": "sha1-b2Ma7zNtbEY2K1F2QETOIWvjwFE="
    },
    "express": {
      "version": "4.15.3",
      "resolved": "http://registry.npm.taobao.org/express/download/express-4.15.3.tgz",
      "integrity": "sha1-urZdDwOqgMNYQIly/HAPkWlEtmI="
    },
    "finalhandler": {
      "version": "1.0.3",
      "resolved": "http://registry.npm.taobao.org/finalhandler/download/finalhandler-1.0.3.tgz",
      "integrity": "sha1-70fneVDpmXgOhgIqVg4yF+DQzIk="
    },
    "forwarded": {
      "version": "0.1.0",
      "resolved": "http://registry.npm.taobao.org/forwarded/download/forwarded-0.1.0.tgz",
      "integrity": "sha1-Ge+YdMSuHCl7zweP3mOgm2aoQ2M="
    },
    "fresh": {
      "version": "0.5.0",
      "resolved": "http://registry.npm.taobao.org/fresh/download/fresh-0.5.0.tgz",
      "integrity": "sha1-9HTKXmqSRtb9jglTz6m5yAWvp44="
    },
    "has-flag": {
      "version": "2.0.0",
      "resolved": "http://registry.npm.taobao.org/has-flag/download/has-flag-2.0.0.tgz",
      "integrity": "sha1-6CB68cx7MNRGzHC3NLXovhj4jVE=",
      "dev": true
    },
    "http-errors": {
      "version": "1.6.1",
      "resolved": "http://registry.npm.taobao.org/http-errors/download/http-errors-1.6.1.tgz",
      "integrity": "sha1-X4uO2YrKVFZWv1cplzh/kEpyIlc="
    },
    "inherits": {
      "version": "2.0.3",
      "resolved": "http://registry.npm.taobao.org/inherits/download/inherits-2.0.3.tgz",
      "integrity": "sha1-Yzwsg+PaQqUC9SRmAiSA9CCCYd4="
    },
    "ipaddr.js": {
      "version": "1.3.0",
      "resolved": "http://registry.npm.taobao.org/ipaddr.js/download/ipaddr.js-1.3.0.tgz",
      "integrity": "sha1-HgOlL9rYOou7KyXL9JmLTP/NPew="
    },
    "make-error": {
      "version": "1.3.0",
      "resolved": "http://registry.npm.taobao.org/make-error/download/make-error-1.3.0.tgz",
      "integrity": "sha1-Uq06M5zPEM5itAQLcI/nByRLi5Y=",
      "dev": true
    },
    "media-typer": {
      "version": "0.3.0",
      "resolved": "http://registry.npm.taobao.org/media-typer/download/media-typer-0.3.0.tgz",
      "integrity": "sha1-hxDXrwqmJvj/+hzgAWhUUmMlV0g="
    },
    "merge-descriptors": {
      "version": "1.0.1",
      "resolved": "http://registry.npm.taobao.org/merge-descriptors/download/merge-descriptors-1.0.1.tgz",
      "integrity": "sha1-sAqqVW3YtEVoFQ7J0blT8/kMu2E="
    },
    "methods": {
      "version": "1.1.2",
      "resolved": "http://registry.npm.taobao.org/methods/download/methods-1.1.2.tgz",
      "integrity": "sha1-VSmk1nZUE07cxSZmVoNbD4Ua/O4="
    },
    "mime": {
      "version": "1.3.4",
      "resolved": "http://registry.npm.taobao.org/mime/download/mime-1.3.4.tgz",
      "integrity": "sha1-EV+eO2s9rylZmDyzjxSaLUDrXVM="
    },
    "mime-db": {
      "version": "1.27.0",
      "resolved": "http://registry.npm.taobao.org/mime-db/download/mime-db-1.27.0.tgz",
      "integrity": "sha1-gg9XIpa70g7CXtVeW13oaeVDbrE="
    },
    "mime-types": {
      "version": "2.1.15",
      "resolved": "http://registry.npm.taobao.org/mime-types/download/mime-types-2.1.15.tgz",
      "integrity": "sha1-pOv1BkCUVpI3uM9wBGd20J/JKu0="
    },
    "minimist": {
      "version": "1.2.0",
      "resolved": "http://registry.npm.taobao.org/minimist/download/minimist-1.2.0.tgz",
      "integrity": "sha1-o1AIsg9BOD7sH7kU9M1d95omQoQ=",
      "dev": true
    },
    "mkdirp": {
      "version": "0.5.1",
      "resolved": "http://registry.npm.taobao.org/mkdirp/download/mkdirp-0.5.1.tgz",
      "integrity": "sha1-MAV0OOrGz3+MR2fzhkjWaX11yQM=",
      "dev": true,
      "dependencies": {
        "minimist": {
          "version": "0.0.8",
          "resolved": "http://registry.npm.taobao.org/minimist/download/minimist-0.0.8.tgz",
          "integrity": "sha1-hX/Kv8M5fSYluCKCYuhqp6ARsF0=",
          "dev": true
        }
      }
    },
    "ms": {
      "version": "2.0.0",
      "resolved": "http://registry.npm.taobao.org/ms/download/ms-2.0.0.tgz",
      "integrity": "sha1-VgiurfwAvmwpAd9fmGF4jeDVl8g="
    },
    "negotiator": {
      "version": "0.6.1",
      "resolved": "http://registry.npm.taobao.org/negotiator/download/negotiator-0.6.1.tgz",
      "integrity": "sha1-KzJxhOiZIQEXeyhWP7XnECrNDKk="
    },
    "on-finished": {
      "version": "2.3.0",
      "resolved": "http://registry.npm.taobao.org/on-finished/download/on-finished-2.3.0.tgz",
      "integrity": "sha1-IPEzZIGwg811M3mSoWlxqi2QaUc="
    },
    "parseurl": {
      "version": "1.3.1",
      "resolved": "http://registry.npm.taobao.org/parseurl/download/parseurl-1.3.1.tgz",
      "integrity": "sha1-yKuMkiO6NIiKpkopeyiFO+wY2lY="
    },
    "path-to-regexp": {
      "version": "0.1.7",
      "resolved": "http://registry.npm.taobao.org/path-to-regexp/download/path-to-regexp-0.1.7.tgz",
      "integrity": "sha1-32BBeABfUi8V60SQ5yR6G/qmf4w="
    },
    "proxy-addr": {
      "version": "1.1.4",
      "resolved": "http://registry.npm.taobao.org/proxy-addr/download/proxy-addr-1.1.4.tgz",
      "integrity": "sha1-J+VF9pYKRKYn2bREZ+NcG2tM4vM="
    },
    "qs": {
      "version": "6.4.0",
      "resolved": "http://registry.npm.taobao.org/qs/download/qs-6.4.0.tgz",
      "integrity": "sha1-E+JtKK1rD/qpExLNO/cI7TUecjM="
    },
    "range-parser": {
      "version": "1.2.0",
      "resolved": "http://registry.npm.taobao.org/range-parser/download/range-parser-1.2.0.tgz",
      "integrity": "sha1-9JvmtIeJTdxA3MlKMi9hEJLgDV4="
    },
    "safe-buffer": {
      "version": "5.0.1",
      "resolved": "http://registry.npm.taobao.org/safe-buffer/download/safe-buffer-5.0.1.tgz",
      "integrity": "sha1-0mPKVGls2KMGtcplUekt5XkY++c="
    },
    "send": {
      "version": "0.15.3",
      "resolved": "http://registry.npm.taobao.org/send/download/send-0.15.3.tgz",
      "integrity": "sha1-UBP5+ZAj31DRvZiSwZ4979HVMwk="
    },
    "serve-static": {
      "version": "1.12.3",
      "resolved": "http://registry.npm.taobao.org/serve-static/download/serve-static-1.12.3.tgz",
      "integrity": "sha1-n0uhni8wMMVH+K+ZEHg47DjVseI="
    },
    "setprototypeof": {
      "version": "1.0.3",
      "resolved": "http://registry.npm.taobao.org/setprototypeof/download/setprototypeof-1.0.3.tgz",
      "integrity": "sha1-ZlZ+NwQ+608E2RvWWMDL77VbjgQ="
    },
    "source-map": {
      "version": "0.5.6",
      "resolved": "http://registry.npm.taobao.org/source-map/download/source-map-0.5.6.tgz",
      "integrity": "sha1-dc449SvwczxafwwRjYEzSiu19BI=",
      "dev": true
    },
    "source-map-support": {
      "version": "0.4.15",
      "resolved": "http://registry.npm.taobao.org/source-map-support/download/source-map-support-0.4.15.tgz",
      "integrity": "sha1-AyAt9lwG0r2MfsI2KhkwVv7407E=",
      "dev": true
    },
    "statuses": {
      "version": "1.3.1",
      "resolved": "http://registry.npm.taobao.org/statuses/download/statuses-1.3.1.tgz",
      "integrity": "sha1-+vUbnrdKrvOzrPStX2Gr8ky3uT4="
    },
    "strip-bom": {
      "version": "3.0.0",
      "resolved": "http://registry.npm.taobao.org/strip-bom/download/strip-bom-3.0.0.tgz",
      "integrity": "sha1-IzTBjpx1n3vdVv3vfprj1YjmjtM=",
      "dev": true
    },
    "strip-json-comments": {
      "version": "2.0.1",
      "resolved": "http://registry.npm.taobao.org/strip-json-comments/download/strip-json-comments-2.0.1.tgz",
      "integrity": "sha1-PFMZQukIwml8DsNEhYwobHygpgo=",
      "dev": true
    },
    "supports-color": {
      "version": "4.2.0",
      "resolved": "http://registry.npm.taobao.org/supports-color/download/supports-color-4.2.0.tgz",
      "integrity": "sha1-rZhtx+sjFdAJtNd8gWnCIxpoQDc=",
      "dev": true
    },
    "ts-node": {
      "version": "3.2.0",
      "resolved": "http://registry.npm.taobao.org/ts-node/download/ts-node-3.2.0.tgz",
      "integrity": "sha1-mBTwwBQXhJAM8S/vEZetS39NI9E=",
      "dev": true
    },
    "tsconfig": {
      "version": "6.0.0",
      "resolved": "http://registry.npm.taobao.org/tsconfig/download/tsconfig-6.0.0.tgz",
      "integrity": "sha1-aw6DdgA9evGGT434+J3QBZ/80DI=",
      "dev": true
    },
    "type-is": {
      "version": "1.6.15",
      "resolved": "http://registry.npm.taobao.org/type-is/download/type-is-1.6.15.tgz",
      "integrity": "sha1-yrEPtJCeRByChC6v4a1kbIGARBA="
    },
    "typescript": {
      "version": "2.4.1",
      "resolved": "http://registry.npm.taobao.org/typescript/download/typescript-2.4.1.tgz",
      "integrity": "sha1-w8yxbdqgsjFN4DHn5v7onlujRrw=",
      "dev": true
    },
    "ultron": {
      "version": "1.1.0",
      "resolved": "http://registry.npm.taobao.org/ultron/download/ultron-1.1.0.tgz",
      "integrity": "sha1-sHoualQagV/Go0zNRTO67DB8qGQ="
    },
    "unpipe": {
      "version": "1.0.0",
      "resolved": "http://registry.npm.taobao.org/unpipe/download/unpipe-1.0.0.tgz",
      "integrity": "sha1-sr9O6FFKrmFltIF4KdIbLvSZBOw="
    },
    "user-home": {
      "version": "1.1.1",
      "resolved": "http://registry.npm.taobao.org/user-home/download/user-home-1.1.1.tgz",
      "integrity": "sha1-K1viOjK2Onyd640PKNSFcko98ZA=",
      "dev": true
    },
    "utils-merge": {
      "version": "1.0.0",
      "resolved": "http://registry.npm.taobao.org/utils-merge/download/utils-merge-1.0.0.tgz",
      "integrity": "sha1-ApT7kiu5N1FTVBxPcJYjHyh8ivg="
    },
    "v8flags": {
      "version": "2.1.1",
      "resolved": "http://registry.npm.taobao.org/v8flags/download/v8flags-2.1.1.tgz",
      "integrity": "sha1-qrGh+jDUX4jdMhFIh1rALAtV5bQ=",
      "dev": true
    },
    "vary": {
      "version": "1.1.1",
      "resolved": "http://registry.npm.taobao.org/vary/download/vary-1.1.1.tgz",
      "integrity": "sha1-Z1Neu2lMHVIldFeYRmUyP1h+jTc="
    },
    "ws": {
      "version": "3.0.0",
      "resolved": "http://registry.npm.taobao.org/ws/download/ws-3.0.0.tgz",
      "integrity": "sha1-mN2wAFbIOQy3Ued4h4hJf5kQO2w="
    },
    "yn": {
      "version": "2.0.0",
      "resolved": "http://registry.npm.taobao.org/yn/download/yn-2.0.0.tgz",
      "integrity": "sha1-5a2ryKz0CPY4X8dklWhMiOavaJo=",
      "dev": true
    }
  }
}
